<Solution>
  <Project Path="loaders/melonloader/Iridium.Loader.Melon.csproj" />
  <Project Path="loaders/ummloader/Iridium.Loader.UMM.csproj" />
  <Project Path="frontline/Iridium_frontline.csproj" />
  <Project Path="main/Iridium.csproj" />
  <Project Path="architectury/Iris.Iml/Iris.Iml.csproj" />
</Solution>
